# THIS IS AN AUTOGENERATED FILE. DO NOT EDIT THIS FILE DIRECTLY.
# yarn lockfile v1


"@types/bson@*":
  version "4.0.3"
  resolved "https://registry.yarnpkg.com/@types/bson/-/bson-4.0.3.tgz#30889d2ffde6262abbe38659364c631454999fbf"
  integrity sha512-mVRvYnTOZJz3ccpxhr3wgxVmSeiYinW+zlzQz3SXWaJmD1DuL05Jeq7nKw3SnbKmbleW5qrLG5vdyWe/A9sXhw==
  dependencies:
    "@types/node" "*"

"@types/mongodb@*":
  version "3.6.10"
  resolved "https://registry.yarnpkg.com/@types/mongodb/-/mongodb-3.6.10.tgz#80cceaabeec9f460e5b46844e938e8eba74f9266"
  integrity sha512-BkwAHFiZSSWdTIqbUVGmgvIsiXXjqAketeK7Izy7oSs6G3N8Bn993tK9eq6QEovQDx6OQ2FGP2KWDDxBzdlJ6Q==
  dependencies:
    "@types/bson" "*"
    "@types/node" "*"

"@types/mongoose@^5.10.4":
  version "5.10.4"
  resolved "https://registry.yarnpkg.com/@types/mongoose/-/mongoose-5.10.4.tgz#183918f7c6150a05c2081b29de2cf2e839b3206b"
  integrity sha512-U7fNDcTcdaSGzQ3+mlSBeebiYr6eaacJi330LTLOEh8Sm6mXfuec70ag/UXkL+alFm7pfAjFqfc7jEaJEJvAHQ==
  dependencies:
    "@types/mongodb" "*"
    "@types/node" "*"

"@types/node@*":
  version "14.14.37"
  resolved "https://registry.yarnpkg.com/@types/node/-/node-14.14.37.tgz#a3dd8da4eb84a996c36e331df98d82abd76b516e"
  integrity sha512-XYmBiy+ohOR4Lh5jE379fV2IU+6Jn4g5qASinhitfyO71b/sCo6MKsMLF5tc7Zf2CE8hViVQyYSobJNke8OvUw==
